
Microsoft Visual Studio Solution File, Format Version 12.00
# Visual Studio 15
VisualStudioVersion = 15.0.26228.9
MinimumVisualStudioVersion = 10.0.40219.1
Project("{FAE04EC0-301F-11D3-BF4B-00C04F79EFBC}") = "Explore the house", "Explore the house\Explore the house.csproj", "{5BE7ED8E-7984-4EC1-BC19-70E3C7CDA0D7}"
EndProject
Global
	GlobalSection(SolutionConfigurationPlatforms) = preSolution
		Debug|Any CPU = Debug|Any CPU
		Release|Any CPU = Release|Any CPU
	EndGlobalSection
	GlobalSection(ProjectConfigurationPlatforms) = postSolution
		{5BE7ED8E-7984-4EC1-BC19-70E3C7CDA0D7}.Debug|Any CPU.ActiveCfg = Debug|Any CPU
		{5BE7ED8E-7984-4EC1-BC19-70E3C7CDA0D7}.Debug|Any CPU.Build.0 = Debug|Any CPU
		{5BE7ED8E-7984-4EC1-BC19-70E3C7CDA0D7}.Release|Any CPU.ActiveCfg = Release|Any CPU
		{5BE7ED8E-7984-4EC1-BC19-70E3C7CDA0D7}.Release|Any CPU.Build.0 = Release|Any CPU
	EndGlobalSection
	GlobalSection(SolutionProperties) = preSolution
		HideSolutionNode = FALSE
	EndGlobalSection
EndGlobal
